
Microsoft Visual Studio Solution File, Format Version 12.00
# Visual Studio Version 16
VisualStudioVersion = 16.0.30523.141
MinimumVisualStudioVersion = 10.0.40219.1
Project("{FAE04EC0-301F-11D3-BF4B-00C04F79EFBC}") = "CSharpForms", "CSharpForms.csproj", "{B15B3FD1-1A33-4801-BFE9-CE38A6883973}"
EndProject
Project("{FAE04EC0-301F-11D3-BF4B-00C04F79EFBC}") = "Mouse", "..\Mouse\Mouse.csproj", "{A22CEBEC-8621-4B31-837D-DB1E4783BB50}"
EndProject
Project("{FAE04EC0-301F-11D3-BF4B-00C04F79EFBC}") = "mousee", "..\mousee\mousee.csproj", "{F07EA8EC-E900-41DF-99B2-FA674A801FE7}"
EndProject
Global
	GlobalSection(SolutionConfigurationPlatforms) = preSolution
		Debug|Any CPU = Debug|Any CPU
		Release|Any CPU = Release|Any CPU
	EndGlobalSection
	GlobalSection(ProjectConfigurationPlatforms) = postSolution
		{B15B3FD1-1A33-4801-BFE9-CE38A6883973}.Debug|Any CPU.ActiveCfg = Debug|Any CPU
		{B15B3FD1-1A33-4801-BFE9-CE38A6883973}.Debug|Any CPU.Build.0 = Debug|Any CPU
		{B15B3FD1-1A33-4801-BFE9-CE38A6883973}.Release|Any CPU.ActiveCfg = Release|Any CPU
		{B15B3FD1-1A33-4801-BFE9-CE38A6883973}.Release|Any CPU.Build.0 = Release|Any CPU
		{A22CEBEC-8621-4B31-837D-DB1E4783BB50}.Debug|Any CPU.ActiveCfg = Debug|Any CPU
		{A22CEBEC-8621-4B31-837D-DB1E4783BB50}.Debug|Any CPU.Build.0 = Debug|Any CPU
		{A22CEBEC-8621-4B31-837D-DB1E4783BB50}.Release|Any CPU.ActiveCfg = Release|Any CPU
		{A22CEBEC-8621-4B31-837D-DB1E4783BB50}.Release|Any CPU.Build.0 = Release|Any CPU
		{F07EA8EC-E900-41DF-99B2-FA674A801FE7}.Debug|Any CPU.ActiveCfg = Debug|Any CPU
		{F07EA8EC-E900-41DF-99B2-FA674A801FE7}.Debug|Any CPU.Build.0 = Debug|Any CPU
		{F07EA8EC-E900-41DF-99B2-FA674A801FE7}.Release|Any CPU.ActiveCfg = Release|Any CPU
		{F07EA8EC-E900-41DF-99B2-FA674A801FE7}.Release|Any CPU.Build.0 = Release|Any CPU
	EndGlobalSection
	GlobalSection(SolutionProperties) = preSolution
		HideSolutionNode = FALSE
	EndGlobalSection
	GlobalSection(ExtensibilityGlobals) = postSolution
		SolutionGuid = {1CAC8259-A884-46C8-B32F-064B50B67D10}
	EndGlobalSection
EndGlobal
